
Microsoft Visual Studio Solution File, Format Version 12.00
# Visual Studio Version 17
VisualStudioVersion = 17.6.33829.357
MinimumVisualStudioVersion = 10.0.40219.1
Project("{F2A71F9B-5D33-465A-A702-920D77279786}") = "NewTryRepo", "NewTryRepo\NewTryRepo.fsproj", "{8624AF5E-BBE0-40D0-908C-F20D3D3D9561}"
EndProject
Global
	GlobalSection(SolutionConfigurationPlatforms) = preSolution
		Debug|Any CPU = Debug|Any CPU
		Release|Any CPU = Release|Any CPU
	EndGlobalSection
	GlobalSection(ProjectConfigurationPlatforms) = postSolution
		{8624AF5E-BBE0-40D0-908C-F20D3D3D9561}.Debug|Any CPU.ActiveCfg = Debug|Any CPU
		{8624AF5E-BBE0-40D0-908C-F20D3D3D9561}.Debug|Any CPU.Build.0 = Debug|Any CPU
		{8624AF5E-BBE0-40D0-908C-F20D3D3D9561}.Release|Any CPU.ActiveCfg = Release|Any CPU
		{8624AF5E-BBE0-40D0-908C-F20D3D3D9561}.Release|Any CPU.Build.0 = Release|Any CPU
	EndGlobalSection
	GlobalSection(SolutionProperties) = preSolution
		HideSolutionNode = FALSE
	EndGlobalSection
	GlobalSection(ExtensibilityGlobals) = postSolution
		SolutionGuid = {23C4BE2C-28BA-4682-BA0F-3F00E11054CB}
	EndGlobalSection
EndGlobal
